{"name":"miniprogram","version":"1.0.0","lockfileVersion":2,"requires":true,"packages":{"":{"name":"miniprogram","version":"1.0.0","license":"ISC","dependencies":{"miniprogram-barrage":"^1.1.0","miniprogram-recycle-view":"^0.1.5","protobufjs":"^6.11.3","threejs-miniprogram":"0.0.3","wxml-to-canvas":"^1.1.1"}},"node_modules/@protobufjs/aspromise":{"version":"1.1.2","resolved":"https://mirrors.tencent.com/npm/@protobufjs/aspromise/-/aspromise-1.1.2.tgz","integrity":"sha1-m4sMxmPWaafY9vXQiToU00jzD78="},"node_modules/@protobufjs/base64":{"version":"1.1.2","resolved":"https://mirrors.tencent.com/npm/@protobufjs/base64/-/base64-1.1.2.tgz","integrity":"sha512-AZkcAA5vnN/v4PDqKyMR5lx7hZttPDgClv83E//FMNhR2TMcLUhfRUBHCmSl0oi9zMgDDqRUJkSxO3wm85+XLg=="},"node_modules/@protobufjs/codegen":{"version":"2.0.4","resolved":"https://mirrors.tencent.com/npm/@protobufjs/codegen/-/codegen-2.0.4.tgz","integrity":"sha512-YyFaikqM5sH0ziFZCN3xDC7zeGaB/d0IUb9CATugHWbd1FRFwWwt4ld4OYMPWu5a3Xe01mGAULCdqhMlPl29Jg=="},"node_modules/@protobufjs/eventemitter":{"version":"1.1.0","resolved":"https://mirrors.tencent.com/npm/@protobufjs/eventemitter/-/eventemitter-1.1.0.tgz","integrity":"sha1-NVy8mLr61ZePntCV85diHx0Ga3A="},"node_modules/@protobufjs/fetch":{"version":"1.1.0","resolved":"https://mirrors.tencent.com/npm/@protobufjs/fetch/-/fetch-1.1.0.tgz","integrity":"sha1-upn7WYYUr2VwDBYZ/wbUVLDYTEU=","dependencies":{"@protobufjs/aspromise":"^1.1.1","@protobufjs/inquire":"^1.1.0"}},"node_modules/@protobufjs/float":{"version":"1.0.2","resolved":"https://mirrors.tencent.com/npm/@protobufjs/float/-/float-1.0.2.tgz","integrity":"sha1-Xp4avctz/Ap8uLKR33jIy9l7h9E="},"node_modules/@protobufjs/inquire":{"version":"1.1.0","resolved":"https://mirrors.tencent.com/npm/@protobufjs/inquire/-/inquire-1.1.0.tgz","integrity":"sha1-/yAOPnzyQp4tyvwRQIKOjMY48Ik="},"node_modules/@protobufjs/path":{"version":"1.1.2","resolved":"https://mirrors.tencent.com/npm/@protobufjs/path/-/path-1.1.2.tgz","integrity":"sha1-bMKyDFya1q0NzP0hynZz2Nf79o0="},"node_modules/@protobufjs/pool":{"version":"1.1.0","resolved":"https://mirrors.tencent.com/npm/@protobufjs/pool/-/pool-1.1.0.tgz","integrity":"sha1-Cf0V8tbTq/qbZbw2ZQbWrXhG/1Q="},"node_modules/@protobufjs/utf8":{"version":"1.1.0","resolved":"https://mirrors.tencent.com/npm/@protobufjs/utf8/-/utf8-1.1.0.tgz","integrity":"sha1-p3c2C1s5oaLlEG+OhY8v0tBgxXA="},"node_modules/@types/long":{"version":"4.0.2","resolved":"https://mirrors.tencent.com/npm/@types/long/-/long-4.0.2.tgz","integrity":"sha512-MqTGEo5bj5t157U6fA/BiDynNkn0YknVdh48CMPkTSpFTVmvao5UQmm7uEF6xBEo7qIMAlY/JSleYaE6VOdpaA=="},"node_modules/@types/node":{"version":"20.4.9","resolved":"https://mirrors.tencent.com/npm/@types/node/-/node-20.4.9.tgz","integrity":"sha512-8e2HYcg7ohnTUbHk8focoklEQYvemQmu9M/f43DZVx43kHn0tE3BY/6gSDxS7k0SprtS0NHvj+L80cGLnoOUcQ=="},"node_modules/eventemitter3":{"version":"4.0.7","resolved":"https://mirrors.tencent.com/npm/eventemitter3/-/eventemitter3-4.0.7.tgz","integrity":"sha512-8guHBZCwKnFhYdHr2ysuRWErTwhoN2X8XELRlrRwpmfeY2jjuUN4taQMsULKUVo1K4DvZl+0pgfyoysHxvmvEw=="},"node_modules/long":{"version":"4.0.0","resolved":"https://mirrors.tencent.com/npm/long/-/long-4.0.0.tgz","integrity":"sha512-XsP+KhQif4bjX1kbuSiySJFNAehNxgLb6hPRGJ9QsUr8ajHkuXGdrHmFUTUUXhDwVX2R5bY4JNZEwbUiMhV+MA=="},"node_modules/miniprogram-barrage":{"version":"1.1.1","resolved":"https://mirrors.tencent.com/npm/miniprogram-barrage/-/miniprogram-barrage-1.1.1.tgz","integrity":"sha512-wizWzbKOXHiSiWB/WU85eqlAG+mo7G9RwwZBhoCZIgg3ASgEfcCKAr65UaJfttQSFkw8eKKDX9iFCqMGntn3GA=="},"node_modules/miniprogram-recycle-view":{"version":"0.1.5","resolved":"https://mirrors.tencent.com/npm/miniprogram-recycle-view/-/miniprogram-recycle-view-0.1.5.tgz","integrity":"sha512-Pfm/u+jfg+b5zDhjXqm7QbR9IuViqX8JyzcHDgr6Zw9wSK0wmbXNzscA1WoSnGP5Z2nG2TIqtiNXvEbvsyrxXA=="},"node_modules/protobufjs":{"version":"6.11.3","resolved":"https://mirrors.tencent.com/npm/protobufjs/-/protobufjs-6.11.3.tgz","integrity":"sha512-xL96WDdCZYdU7Slin569tFX712BxsxslWwAfAhCYjQKGTq7dAU91Lomy6nLLhh/dyGhk/YH4TwTSRxTzhuHyZg==","hasInstallScript":true,"dependencies":{"@protobufjs/aspromise":"^1.1.2","@protobufjs/base64":"^1.1.2","@protobufjs/codegen":"^2.0.4","@protobufjs/eventemitter":"^1.1.0","@protobufjs/fetch":"^1.1.0","@protobufjs/float":"^1.0.2","@protobufjs/inquire":"^1.1.0","@protobufjs/path":"^1.1.2","@protobufjs/pool":"^1.1.0","@protobufjs/utf8":"^1.1.0","@types/long":"^4.0.1","@types/node":">=13.7.0","long":"^4.0.0"},"bin":{"pbjs":"bin/pbjs","pbts":"bin/pbts"}},"node_modules/threejs-miniprogram":{"version":"0.0.3","resolved":"https://mirrors.tencent.com/npm/threejs-miniprogram/-/threejs-miniprogram-0.0.3.tgz","integrity":"sha512-4vsHYrA5ZRCelkZ6TXs7/TFIyYDcwfrT0j5E12tMLSFI4VDYsto8fhSbIRlOVmyGT6JhhIG9CqumTInmxlLM8Q=="},"node_modules/widget-ui":{"version":"1.0.2","resolved":"https://mirrors.tencent.com/npm/widget-ui/-/widget-ui-1.0.2.tgz","integrity":"sha512-gDXosr5mflJdMA1weU1A47aTsTFfMJhfA4EKgO5XFebY3eVklf80KD4GODfrjo8J2WQ+9YjL1Rd9UUmKIzhShw==","dependencies":{"eventemitter3":"^4.0.0"}},"node_modules/wxml-to-canvas":{"version":"1.1.1","resolved":"https://mirrors.tencent.com/npm/wxml-to-canvas/-/wxml-to-canvas-1.1.1.tgz","integrity":"sha512-3mDjHzujY/UgdCOXij/MnmwJYerVjwkyQHMBFBE8zh89DK7h7UTzoydWFqEBjIC0rfZM+AXl5kDh9hUcsNpSmg==","license":"MIT","dependencies":{"widget-ui":"^1.0.2"}}},"dependencies":{"@protobufjs/aspromise":{"version":"1.1.2","resolved":"https://mirrors.tencent.com/npm/@protobufjs/aspromise/-/aspromise-1.1.2.tgz","integrity":"sha1-m4sMxmPWaafY9vXQiToU00jzD78="},"@protobufjs/base64":{"version":"1.1.2","resolved":"https://mirrors.tencent.com/npm/@protobufjs/base64/-/base64-1.1.2.tgz","integrity":"sha512-AZkcAA5vnN/v4PDqKyMR5lx7hZttPDgClv83E//FMNhR2TMcLUhfRUBHCmSl0oi9zMgDDqRUJkSxO3wm85+XLg=="},"@protobufjs/codegen":{"version":"2.0.4","resolved":"https://mirrors.tencent.com/npm/@protobufjs/codegen/-/codegen-2.0.4.tgz","integrity":"sha512-YyFaikqM5sH0ziFZCN3xDC7zeGaB/d0IUb9CATugHWbd1FRFwWwt4ld4OYMPWu5a3Xe01mGAULCdqhMlPl29Jg=="},"@protobufjs/eventemitter":{"version":"1.1.0","resolved":"https://mirrors.tencent.com/npm/@protobufjs/eventemitter/-/eventemitter-1.1.0.tgz","integrity":"sha1-NVy8mLr61ZePntCV85diHx0Ga3A="},"@protobufjs/fetch":{"version":"1.1.0","resolved":"https://mirrors.tencent.com/npm/@protobufjs/fetch/-/fetch-1.1.0.tgz","integrity":"sha1-upn7WYYUr2VwDBYZ/wbUVLDYTEU=","requires":{"@protobufjs/aspromise":"^1.1.1","@protobufjs/inquire":"^1.1.0"}},"@protobufjs/float":{"version":"1.0.2","resolved":"https://mirrors.tencent.com/npm/@protobufjs/float/-/float-1.0.2.tgz","integrity":"sha1-Xp4avctz/Ap8uLKR33jIy9l7h9E="},"@protobufjs/inquire":{"version":"1.1.0","resolved":"https://mirrors.tencent.com/npm/@protobufjs/inquire/-/inquire-1.1.0.tgz","integrity":"sha1-/yAOPnzyQp4tyvwRQIKOjMY48Ik="},"@protobufjs/path":{"version":"1.1.2","resolved":"https://mirrors.tencent.com/npm/@protobufjs/path/-/path-1.1.2.tgz","integrity":"sha1-bMKyDFya1q0NzP0hynZz2Nf79o0="},"@protobufjs/pool":{"version":"1.1.0","resolved":"https://mirrors.tencent.com/npm/@protobufjs/pool/-/pool-1.1.0.tgz","integrity":"sha1-Cf0V8tbTq/qbZbw2ZQbWrXhG/1Q="},"@protobufjs/utf8":{"version":"1.1.0","resolved":"https://mirrors.tencent.com/npm/@protobufjs/utf8/-/utf8-1.1.0.tgz","integrity":"sha1-p3c2C1s5oaLlEG+OhY8v0tBgxXA="},"@types/long":{"version":"4.0.2","resolved":"https://mirrors.tencent.com/npm/@types/long/-/long-4.0.2.tgz","integrity":"sha512-MqTGEo5bj5t157U6fA/BiDynNkn0YknVdh48CMPkTSpFTVmvao5UQmm7uEF6xBEo7qIMAlY/JSleYaE6VOdpaA=="},"@types/node":{"version":"20.4.9","resolved":"https://mirrors.tencent.com/npm/@types/node/-/node-20.4.9.tgz","integrity":"sha512-8e2HYcg7ohnTUbHk8focoklEQYvemQmu9M/f43DZVx43kHn0tE3BY/6gSDxS7k0SprtS0NHvj+L80cGLnoOUcQ=="},"eventemitter3":{"version":"4.0.7","resolved":"https://mirrors.tencent.com/npm/eventemitter3/-/eventemitter3-4.0.7.tgz","integrity":"sha512-8guHBZCwKnFhYdHr2ysuRWErTwhoN2X8XELRlrRwpmfeY2jjuUN4taQMsULKUVo1K4DvZl+0pgfyoysHxvmvEw=="},"long":{"version":"4.0.0","resolved":"https://mirrors.tencent.com/npm/long/-/long-4.0.0.tgz","integrity":"sha512-XsP+KhQif4bjX1kbuSiySJFNAehNxgLb6hPRGJ9QsUr8ajHkuXGdrHmFUTUUXhDwVX2R5bY4JNZEwbUiMhV+MA=="},"miniprogram-barrage":{"version":"1.1.1","resolved":"https://mirrors.tencent.com/npm/miniprogram-barrage/-/miniprogram-barrage-1.1.1.tgz","integrity":"sha512-wizWzbKOXHiSiWB/WU85eqlAG+mo7G9RwwZBhoCZIgg3ASgEfcCKAr65UaJfttQSFkw8eKKDX9iFCqMGntn3GA=="},"miniprogram-recycle-view":{"version":"0.1.5","resolved":"https://mirrors.tencent.com/npm/miniprogram-recycle-view/-/miniprogram-recycle-view-0.1.5.tgz","integrity":"sha512-Pfm/u+jfg+b5zDhjXqm7QbR9IuViqX8JyzcHDgr6Zw9wSK0wmbXNzscA1WoSnGP5Z2nG2TIqtiNXvEbvsyrxXA=="},"protobufjs":{"version":"6.11.3","resolved":"https://mirrors.tencent.com/npm/protobufjs/-/protobufjs-6.11.3.tgz","integrity":"sha512-xL96WDdCZYdU7Slin569tFX712BxsxslWwAfAhCYjQKGTq7dAU91Lomy6nLLhh/dyGhk/YH4TwTSRxTzhuHyZg==","requires":{"@protobufjs/aspromise":"^1.1.2","@protobufjs/base64":"^1.1.2","@protobufjs/codegen":"^2.0.4","@protobufjs/eventemitter":"^1.1.0","@protobufjs/fetch":"^1.1.0","@protobufjs/float":"^1.0.2","@protobufjs/inquire":"^1.1.0","@protobufjs/path":"^1.1.2","@protobufjs/pool":"^1.1.0","@protobufjs/utf8":"^1.1.0","@types/long":"^4.0.1","@types/node":">=13.7.0","long":"^4.0.0"}},"threejs-miniprogram":{"version":"0.0.3","resolved":"https://mirrors.tencent.com/npm/threejs-miniprogram/-/threejs-miniprogram-0.0.3.tgz","integrity":"sha512-4vsHYrA5ZRCelkZ6TXs7/TFIyYDcwfrT0j5E12tMLSFI4VDYsto8fhSbIRlOVmyGT6JhhIG9CqumTInmxlLM8Q=="},"widget-ui":{"version":"1.0.2","resolved":"https://mirrors.tencent.com/npm/widget-ui/-/widget-ui-1.0.2.tgz","integrity":"sha512-gDXosr5mflJdMA1weU1A47aTsTFfMJhfA4EKgO5XFebY3eVklf80KD4GODfrjo8J2WQ+9YjL1Rd9UUmKIzhShw==","requires":{"eventemitter3":"^4.0.0"}},"wxml-to-canvas":{"version":"1.1.1","resolved":"https://mirrors.tencent.com/npm/wxml-to-canvas/-/wxml-to-canvas-1.1.1.tgz","integrity":"sha512-3mDjHzujY/UgdCOXij/MnmwJYerVjwkyQHMBFBE8zh89DK7h7UTzoydWFqEBjIC0rfZM+AXl5kDh9hUcsNpSmg==","requires":{"widget-ui":"^1.0.2"}}}}